
Microsoft Visual Studio Solution File, Format Version 12.00
# Visual Studio Version 17
VisualStudioVersion = 17.0.31903.59
MinimumVisualStudioVersion = 10.0.40219.1
Project("{FAE04EC0-301F-11D3-BF4B-00C04F79EFBC}") = "Tablebooking", "Tablebooking.csproj", "{8AB345AE-71FF-48BA-8B26-04CADD8BFFF6}"
EndProject
Project("{FAE04EC0-301F-11D3-BF4B-00C04F79EFBC}") = "TestProject", "TestProject\TestProject.csproj", "{F69FF5B0-BBC7-4AB2-B26A-F6052BCF0CF9}"
EndProject
Global
	GlobalSection(SolutionConfigurationPlatforms) = preSolution
		Debug|Any CPU = Debug|Any CPU
		Release|Any CPU = Release|Any CPU
	EndGlobalSection
	GlobalSection(SolutionProperties) = preSolution
		HideSolutionNode = FALSE
	EndGlobalSection
	GlobalSection(ProjectConfigurationPlatforms) = postSolution
		{8AB345AE-71FF-48BA-8B26-04CADD8BFFF6}.Debug|Any CPU.ActiveCfg = Debug|Any CPU
		{8AB345AE-71FF-48BA-8B26-04CADD8BFFF6}.Debug|Any CPU.Build.0 = Debug|Any CPU
		{8AB345AE-71FF-48BA-8B26-04CADD8BFFF6}.Release|Any CPU.ActiveCfg = Release|Any CPU
		{8AB345AE-71FF-48BA-8B26-04CADD8BFFF6}.Release|Any CPU.Build.0 = Release|Any CPU
		{F69FF5B0-BBC7-4AB2-B26A-F6052BCF0CF9}.Debug|Any CPU.ActiveCfg = Debug|Any CPU
		{F69FF5B0-BBC7-4AB2-B26A-F6052BCF0CF9}.Debug|Any CPU.Build.0 = Debug|Any CPU
		{F69FF5B0-BBC7-4AB2-B26A-F6052BCF0CF9}.Release|Any CPU.ActiveCfg = Release|Any CPU
		{F69FF5B0-BBC7-4AB2-B26A-F6052BCF0CF9}.Release|Any CPU.Build.0 = Release|Any CPU
	EndGlobalSection
EndGlobal
